
Microsoft Visual Studio Solution File, Format Version 12.00
# Visual Studio Version 16
VisualStudioVersion = 16.0.29215.179
MinimumVisualStudioVersion = 10.0.40219.1
Project("{FAE04EC0-301F-11D3-BF4B-00C04F79EFBC}") = "Programering prov 2", "Programering prov 2\Programering prov 2.csproj", "{3C1A3B9B-25F5-4D84-BA57-3EDCCF307C2D}"
EndProject
Project("{FAE04EC0-301F-11D3-BF4B-00C04F79EFBC}") = "1a", "1a\1a.csproj", "{111ECEE2-8E7B-4961-BF26-98458EBA7E74}"
EndProject
Project("{FAE04EC0-301F-11D3-BF4B-00C04F79EFBC}") = "1 2", "1 2\1 2.csproj", "{84AC26BF-1773-4626-AD73-D93194A9B07F}"
EndProject
Project("{FAE04EC0-301F-11D3-BF4B-00C04F79EFBC}") = "1 3", "1 3\1 3.csproj", "{C2D0B0A7-44BA-4993-AF25-E3E92507F44A}"
EndProject
Project("{FAE04EC0-301F-11D3-BF4B-00C04F79EFBC}") = "1 4", "1 4\1 4.csproj", "{464A9D6D-F586-4CA7-8986-57D8CB3CFA1C}"
EndProject
Project("{FAE04EC0-301F-11D3-BF4B-00C04F79EFBC}") = "1 5", "1 5\1 5.csproj", "{47E6D2B6-5732-4145-9284-E41D1808742A}"
EndProject
Project("{FAE04EC0-301F-11D3-BF4B-00C04F79EFBC}") = "1 6", "1 6\1 6.csproj", "{E0269916-A16D-481B-AABA-82E9F8BA903B}"
EndProject
Project("{FAE04EC0-301F-11D3-BF4B-00C04F79EFBC}") = "2 1", "2 1\2 1.csproj", "{B747B294-6B79-41E9-A30B-92AB7C5996AA}"
EndProject
Project("{FAE04EC0-301F-11D3-BF4B-00C04F79EFBC}") = "2 2", "2 2\2 2.csproj", "{D14F7580-19D4-4429-9B0E-F0FF1327A16F}"
EndProject
Project("{FAE04EC0-301F-11D3-BF4B-00C04F79EFBC}") = "2 3", "2 3\2 3.csproj", "{59FC0C76-2710-4AA2-B021-55450E5CCB2C}"
EndProject
Project("{FAE04EC0-301F-11D3-BF4B-00C04F79EFBC}") = "2 4", "2 4\2 4.csproj", "{EE7F20FB-51A6-4366-9FBD-706723D36E76}"
EndProject
Project("{FAE04EC0-301F-11D3-BF4B-00C04F79EFBC}") = "2 5", "2 5\2 5.csproj", "{BAB0CF72-F513-4A14-ACBA-AC8115ADE823}"
EndProject
Project("{FAE04EC0-301F-11D3-BF4B-00C04F79EFBC}") = "2b 1", "2b 1\2b 1.csproj", "{611D3232-CA7C-4E43-8AA6-FCA7CB6A3167}"
EndProject
Global
	GlobalSection(SolutionConfigurationPlatforms) = preSolution
		Debug|Any CPU = Debug|Any CPU
		Release|Any CPU = Release|Any CPU
	EndGlobalSection
	GlobalSection(ProjectConfigurationPlatforms) = postSolution
		{3C1A3B9B-25F5-4D84-BA57-3EDCCF307C2D}.Debug|Any CPU.ActiveCfg = Debug|Any CPU
		{3C1A3B9B-25F5-4D84-BA57-3EDCCF307C2D}.Debug|Any CPU.Build.0 = Debug|Any CPU
		{3C1A3B9B-25F5-4D84-BA57-3EDCCF307C2D}.Release|Any CPU.ActiveCfg = Release|Any CPU
		{3C1A3B9B-25F5-4D84-BA57-3EDCCF307C2D}.Release|Any CPU.Build.0 = Release|Any CPU
		{111ECEE2-8E7B-4961-BF26-98458EBA7E74}.Debug|Any CPU.ActiveCfg = Debug|Any CPU
		{111ECEE2-8E7B-4961-BF26-98458EBA7E74}.Debug|Any CPU.Build.0 = Debug|Any CPU
		{111ECEE2-8E7B-4961-BF26-98458EBA7E74}.Release|Any CPU.ActiveCfg = Release|Any CPU
		{111ECEE2-8E7B-4961-BF26-98458EBA7E74}.Release|Any CPU.Build.0 = Release|Any CPU
		{84AC26BF-1773-4626-AD73-D93194A9B07F}.Debug|Any CPU.ActiveCfg = Debug|Any CPU
		{84AC26BF-1773-4626-AD73-D93194A9B07F}.Debug|Any CPU.Build.0 = Debug|Any CPU
		{84AC26BF-1773-4626-AD73-D93194A9B07F}.Release|Any CPU.ActiveCfg = Release|Any CPU
		{84AC26BF-1773-4626-AD73-D93194A9B07F}.Release|Any CPU.Build.0 = Release|Any CPU
		{C2D0B0A7-44BA-4993-AF25-E3E92507F44A}.Debug|Any CPU.ActiveCfg = Debug|Any CPU
		{C2D0B0A7-44BA-4993-AF25-E3E92507F44A}.Debug|Any CPU.Build.0 = Debug|Any CPU
		{C2D0B0A7-44BA-4993-AF25-E3E92507F44A}.Release|Any CPU.ActiveCfg = Release|Any CPU
		{C2D0B0A7-44BA-4993-AF25-E3E92507F44A}.Release|Any CPU.Build.0 = Release|Any CPU
		{464A9D6D-F586-4CA7-8986-57D8CB3CFA1C}.Debug|Any CPU.ActiveCfg = Debug|Any CPU
		{464A9D6D-F586-4CA7-8986-57D8CB3CFA1C}.Debug|Any CPU.Build.0 = Debug|Any CPU
		{464A9D6D-F586-4CA7-8986-57D8CB3CFA1C}.Release|Any CPU.ActiveCfg = Release|Any CPU
		{464A9D6D-F586-4CA7-8986-57D8CB3CFA1C}.Release|Any CPU.Build.0 = Release|Any CPU
		{47E6D2B6-5732-4145-9284-E41D1808742A}.Debug|Any CPU.ActiveCfg = Debug|Any CPU
		{47E6D2B6-5732-4145-9284-E41D1808742A}.Debug|Any CPU.Build.0 = Debug|Any CPU
		{47E6D2B6-5732-4145-9284-E41D1808742A}.Release|Any CPU.ActiveCfg = Release|Any CPU
		{47E6D2B6-5732-4145-9284-E41D1808742A}.Release|Any CPU.Build.0 = Release|Any CPU
		{E0269916-A16D-481B-AABA-82E9F8BA903B}.Debug|Any CPU.ActiveCfg = Debug|Any CPU
		{E0269916-A16D-481B-AABA-82E9F8BA903B}.Debug|Any CPU.Build.0 = Debug|Any CPU
		{E0269916-A16D-481B-AABA-82E9F8BA903B}.Release|Any CPU.ActiveCfg = Release|Any CPU
		{E0269916-A16D-481B-AABA-82E9F8BA903B}.Release|Any CPU.Build.0 = Release|Any CPU
		{B747B294-6B79-41E9-A30B-92AB7C5996AA}.Debug|Any CPU.ActiveCfg = Debug|Any CPU
		{B747B294-6B79-41E9-A30B-92AB7C5996AA}.Debug|Any CPU.Build.0 = Debug|Any CPU
		{B747B294-6B79-41E9-A30B-92AB7C5996AA}.Release|Any CPU.ActiveCfg = Release|Any CPU
		{B747B294-6B79-41E9-A30B-92AB7C5996AA}.Release|Any CPU.Build.0 = Release|Any CPU
		{D14F7580-19D4-4429-9B0E-F0FF1327A16F}.Debug|Any CPU.ActiveCfg = Debug|Any CPU
		{D14F7580-19D4-4429-9B0E-F0FF1327A16F}.Debug|Any CPU.Build.0 = Debug|Any CPU
		{D14F7580-19D4-4429-9B0E-F0FF1327A16F}.Release|Any CPU.ActiveCfg = Release|Any CPU
		{D14F7580-19D4-4429-9B0E-F0FF1327A16F}.Release|Any CPU.Build.0 = Release|Any CPU
		{59FC0C76-2710-4AA2-B021-55450E5CCB2C}.Debug|Any CPU.ActiveCfg = Debug|Any CPU
		{59FC0C76-2710-4AA2-B021-55450E5CCB2C}.Debug|Any CPU.Build.0 = Debug|Any CPU
		{59FC0C76-2710-4AA2-B021-55450E5CCB2C}.Release|Any CPU.ActiveCfg = Release|Any CPU
		{59FC0C76-2710-4AA2-B021-55450E5CCB2C}.Release|Any CPU.Build.0 = Release|Any CPU
		{EE7F20FB-51A6-4366-9FBD-706723D36E76}.Debug|Any CPU.ActiveCfg = Debug|Any CPU
		{EE7F20FB-51A6-4366-9FBD-706723D36E76}.Debug|Any CPU.Build.0 = Debug|Any CPU
		{EE7F20FB-51A6-4366-9FBD-706723D36E76}.Release|Any CPU.ActiveCfg = Release|Any CPU
		{EE7F20FB-51A6-4366-9FBD-706723D36E76}.Release|Any CPU.Build.0 = Release|Any CPU
		{BAB0CF72-F513-4A14-ACBA-AC8115ADE823}.Debug|Any CPU.ActiveCfg = Debug|Any CPU
		{BAB0CF72-F513-4A14-ACBA-AC8115ADE823}.Debug|Any CPU.Build.0 = Debug|Any CPU
		{BAB0CF72-F513-4A14-ACBA-AC8115ADE823}.Release|Any CPU.ActiveCfg = Release|Any CPU
		{BAB0CF72-F513-4A14-ACBA-AC8115ADE823}.Release|Any CPU.Build.0 = Release|Any CPU
		{611D3232-CA7C-4E43-8AA6-FCA7CB6A3167}.Debug|Any CPU.ActiveCfg = Debug|Any CPU
		{611D3232-CA7C-4E43-8AA6-FCA7CB6A3167}.Debug|Any CPU.Build.0 = Debug|Any CPU
		{611D3232-CA7C-4E43-8AA6-FCA7CB6A3167}.Release|Any CPU.ActiveCfg = Release|Any CPU
		{611D3232-CA7C-4E43-8AA6-FCA7CB6A3167}.Release|Any CPU.Build.0 = Release|Any CPU
	EndGlobalSection
	GlobalSection(SolutionProperties) = preSolution
		HideSolutionNode = FALSE
	EndGlobalSection
	GlobalSection(ExtensibilityGlobals) = postSolution
		SolutionGuid = {450B2BD2-6992-4DC5-A824-4DEFF3D27575}
	EndGlobalSection
EndGlobal
